
Microsoft Visual Studio Solution File, Format Version 12.00
# Visual Studio 15
VisualStudioVersion = 15.0.26730.16
MinimumVisualStudioVersion = 10.0.40219.1
Project("{FAE04EC0-301F-11D3-BF4B-00C04F79EFBC}") = "FridaForte", "FridaForte\FridaForte.csproj", "{18337226-ADDE-4D09-98CA-82BB1C2CD3C6}"
EndProject
Project("{FAE04EC0-301F-11D3-BF4B-00C04F79EFBC}") = "UnitTestProject1", "UnitTestProject1\UnitTestProject1.csproj", "{FAD9D89E-7DB0-4B39-98ED-899A2B089E95}"
EndProject
Global
	GlobalSection(SolutionConfigurationPlatforms) = preSolution
		Debug|Any CPU = Debug|Any CPU
		Release|Any CPU = Release|Any CPU
	EndGlobalSection
	GlobalSection(ProjectConfigurationPlatforms) = postSolution
		{18337226-ADDE-4D09-98CA-82BB1C2CD3C6}.Debug|Any CPU.ActiveCfg = Debug|Any CPU
		{18337226-ADDE-4D09-98CA-82BB1C2CD3C6}.Debug|Any CPU.Build.0 = Debug|Any CPU
		{18337226-ADDE-4D09-98CA-82BB1C2CD3C6}.Release|Any CPU.ActiveCfg = Release|Any CPU
		{18337226-ADDE-4D09-98CA-82BB1C2CD3C6}.Release|Any CPU.Build.0 = Release|Any CPU
		{FAD9D89E-7DB0-4B39-98ED-899A2B089E95}.Debug|Any CPU.ActiveCfg = Debug|Any CPU
		{FAD9D89E-7DB0-4B39-98ED-899A2B089E95}.Debug|Any CPU.Build.0 = Debug|Any CPU
		{FAD9D89E-7DB0-4B39-98ED-899A2B089E95}.Release|Any CPU.ActiveCfg = Release|Any CPU
		{FAD9D89E-7DB0-4B39-98ED-899A2B089E95}.Release|Any CPU.Build.0 = Release|Any CPU
	EndGlobalSection
	GlobalSection(SolutionProperties) = preSolution
		HideSolutionNode = FALSE
	EndGlobalSection
	GlobalSection(ExtensibilityGlobals) = postSolution
		SolutionGuid = {5084B0A0-FA65-4A31-BC76-4824CAB627F1}
	EndGlobalSection
EndGlobal
